
Microsoft Visual Studio Solution File, Format Version 12.00
# Visual Studio 2012
Project("{FAE04EC0-301F-11D3-BF4B-00C04F79EFBC}") = "FirstImageTry", "FirstImageTry\FirstImageTry.csproj", "{A61F1BE0-2C51-4506-BD2C-EDAD877D3E54}"
EndProject
Global
	GlobalSection(SolutionConfigurationPlatforms) = preSolution
		Debug|Any CPU = Debug|Any CPU
		Release|Any CPU = Release|Any CPU
	EndGlobalSection
	GlobalSection(ProjectConfigurationPlatforms) = postSolution
		{A61F1BE0-2C51-4506-BD2C-EDAD877D3E54}.Debug|Any CPU.ActiveCfg = Debug|Any CPU
		{A61F1BE0-2C51-4506-BD2C-EDAD877D3E54}.Debug|Any CPU.Build.0 = Debug|Any CPU
		{A61F1BE0-2C51-4506-BD2C-EDAD877D3E54}.Release|Any CPU.ActiveCfg = Release|Any CPU
		{A61F1BE0-2C51-4506-BD2C-EDAD877D3E54}.Release|Any CPU.Build.0 = Release|Any CPU
	EndGlobalSection
	GlobalSection(SolutionProperties) = preSolution
		HideSolutionNode = FALSE
	EndGlobalSection
EndGlobal
